
Microsoft Visual Studio Solution File, Format Version 12.00
# Visual Studio Version 16
VisualStudioVersion = 16.0.30225.117
MinimumVisualStudioVersion = 10.0.40219.1
Project("{FAE04EC0-301F-11D3-BF4B-00C04F79EFBC}") = "NUnitTestProject1", "NUnitTestProject1\NUnitTestProject1.csproj", "{FE68F170-13E6-407A-8F3A-51C29D6F9CFC}"
EndProject
Global
	GlobalSection(SolutionConfigurationPlatforms) = preSolution
		Debug|Any CPU = Debug|Any CPU
		Release|Any CPU = Release|Any CPU
	EndGlobalSection
	GlobalSection(ProjectConfigurationPlatforms) = postSolution
		{FE68F170-13E6-407A-8F3A-51C29D6F9CFC}.Debug|Any CPU.ActiveCfg = Debug|Any CPU
		{FE68F170-13E6-407A-8F3A-51C29D6F9CFC}.Debug|Any CPU.Build.0 = Debug|Any CPU
		{FE68F170-13E6-407A-8F3A-51C29D6F9CFC}.Release|Any CPU.ActiveCfg = Release|Any CPU
		{FE68F170-13E6-407A-8F3A-51C29D6F9CFC}.Release|Any CPU.Build.0 = Release|Any CPU
	EndGlobalSection
	GlobalSection(SolutionProperties) = preSolution
		HideSolutionNode = FALSE
	EndGlobalSection
	GlobalSection(ExtensibilityGlobals) = postSolution
		SolutionGuid = {C589F8B6-8160-4811-969C-2250C78A8EAD}
	EndGlobalSection
EndGlobal
